{
  "name": "irondocks",
  "version": "1.0.0",
  "lockfileVersion": 3,
  "requires": true,
  "packages": {
    "": {
      "name": "irondocks",
      "version": "1.0.0",
      "license": "MIT",
      "dependencies": {
        "irondocks": "^1.0.0"
      }
    },
    "node_modules/irondocks": {
      "version": "1.0.0",
      "resolved": "https://registry.npmjs.org/irondocks/-/irondocks-1.0.0.tgz",
      "integrity": "sha512-G413ETYzMT4IDq8R/WTMQRs6WcbGvCsZ8q6Mx3zRynqq48jwoMX7dFBs3xWy1lLzEmOLyjQaF629kQz1+O0o2g=="
    }
  }
}
